
Microsoft Visual Studio Solution File, Format Version 12.00
Project("{FAE04EC0-301F-11D3-BF4B-00C04F79EFBC}") = "GitPluginAPI", "GitPluginAPI\GitPluginAPI.csproj", "{E090B35C-1A91-451A-A35E-F9F1A708D6FF}"
EndProject
Project("{FAE04EC0-301F-11D3-BF4B-00C04F79EFBC}") = "GitPlugin.Repository", "GitPlugin.Repository\GitPlugin.Repository.csproj", "{517171FC-80C7-4287-AAB8-C35AE76F9050}"
EndProject
Project("{FAE04EC0-301F-11D3-BF4B-00C04F79EFBC}") = "GitPlugin.Core", "GitPlugin.Core\GitPlugin.Core.csproj", "{F8453E3A-1FEB-4379-8C25-45E81623299E}"
EndProject
Project("{FAE04EC0-301F-11D3-BF4B-00C04F79EFBC}") = "GitPlugin.Business", "GitPlugin.Business\GitPlugin.Business.csproj", "{0409844D-2834-4DB9-962B-EA8B960B0C90}"
EndProject
Global
	GlobalSection(SolutionConfigurationPlatforms) = preSolution
		Debug|Any CPU = Debug|Any CPU
		Release|Any CPU = Release|Any CPU
	EndGlobalSection
	GlobalSection(ProjectConfigurationPlatforms) = postSolution
		{E090B35C-1A91-451A-A35E-F9F1A708D6FF}.Debug|Any CPU.ActiveCfg = Debug|Any CPU
		{E090B35C-1A91-451A-A35E-F9F1A708D6FF}.Debug|Any CPU.Build.0 = Debug|Any CPU
		{E090B35C-1A91-451A-A35E-F9F1A708D6FF}.Release|Any CPU.ActiveCfg = Release|Any CPU
		{E090B35C-1A91-451A-A35E-F9F1A708D6FF}.Release|Any CPU.Build.0 = Release|Any CPU
		{517171FC-80C7-4287-AAB8-C35AE76F9050}.Debug|Any CPU.ActiveCfg = Debug|Any CPU
		{517171FC-80C7-4287-AAB8-C35AE76F9050}.Debug|Any CPU.Build.0 = Debug|Any CPU
		{517171FC-80C7-4287-AAB8-C35AE76F9050}.Release|Any CPU.ActiveCfg = Release|Any CPU
		{517171FC-80C7-4287-AAB8-C35AE76F9050}.Release|Any CPU.Build.0 = Release|Any CPU
		{F8453E3A-1FEB-4379-8C25-45E81623299E}.Debug|Any CPU.ActiveCfg = Debug|Any CPU
		{F8453E3A-1FEB-4379-8C25-45E81623299E}.Debug|Any CPU.Build.0 = Debug|Any CPU
		{F8453E3A-1FEB-4379-8C25-45E81623299E}.Release|Any CPU.ActiveCfg = Release|Any CPU
		{F8453E3A-1FEB-4379-8C25-45E81623299E}.Release|Any CPU.Build.0 = Release|Any CPU
		{0409844D-2834-4DB9-962B-EA8B960B0C90}.Debug|Any CPU.ActiveCfg = Debug|Any CPU
		{0409844D-2834-4DB9-962B-EA8B960B0C90}.Debug|Any CPU.Build.0 = Debug|Any CPU
		{0409844D-2834-4DB9-962B-EA8B960B0C90}.Release|Any CPU.ActiveCfg = Release|Any CPU
		{0409844D-2834-4DB9-962B-EA8B960B0C90}.Release|Any CPU.Build.0 = Release|Any CPU
	EndGlobalSection
EndGlobal
